
Microsoft Visual Studio Solution File, Format Version 12.00
# Visual Studio 15
VisualStudioVersion = 15.0.28010.2003
MinimumVisualStudioVersion = 10.0.40219.1
Project("{888888A0-9F3D-457C-B088-3A5042F75D52}") = "parameters", "parameters.pyproj", "{308399A8-D364-40C4-8EF3-F32810212813}"
EndProject
Global
	GlobalSection(SolutionConfigurationPlatforms) = preSolution
		Debug|Any CPU = Debug|Any CPU
		Release|Any CPU = Release|Any CPU
	EndGlobalSection
	GlobalSection(ProjectConfigurationPlatforms) = postSolution
		{308399A8-D364-40C4-8EF3-F32810212813}.Debug|Any CPU.ActiveCfg = Debug|Any CPU
		{308399A8-D364-40C4-8EF3-F32810212813}.Release|Any CPU.ActiveCfg = Release|Any CPU
	EndGlobalSection
	GlobalSection(SolutionProperties) = preSolution
		HideSolutionNode = FALSE
	EndGlobalSection
	GlobalSection(ExtensibilityGlobals) = postSolution
		SolutionGuid = {5ED31BD9-A45D-4DB6-B3D3-27FC2DBE4677}
	EndGlobalSection
EndGlobal
