
Microsoft Visual Studio Solution File, Format Version 12.00
# Visual Studio 15
VisualStudioVersion = 15.0.28307.136
MinimumVisualStudioVersion = 10.0.40219.1
Project("{888888A0-9F3D-457C-B088-3A5042F75D52}") = "Utilities", "Utilities.pyproj", "{167F98FF-F940-4216-A4B3-0ED2DF5E40CD}"
EndProject
Project("{888888A0-9F3D-457C-B088-3A5042F75D52}") = "GUI_Management", "GUI_Management\GUI_Management.pyproj", "{56BE436A-57E4-4C95-A047-13875F1AD6FD}"
EndProject
Project("{888888A0-9F3D-457C-B088-3A5042F75D52}") = "CustomVariableSet", "CustomVariableSet\CustomVariableSet.pyproj", "{7FD5D963-2E83-4AE8-A878-B831529CE827}"
EndProject
Project("{888888A0-9F3D-457C-B088-3A5042F75D52}") = "DataFitting", "DataFitting\DataFitting.pyproj", "{F3F35AA3-0E41-4AD7-BD08-E1F2AF7CD7A0}"
EndProject
Global
	GlobalSection(SolutionConfigurationPlatforms) = preSolution
		Debug|Any CPU = Debug|Any CPU
		Release|Any CPU = Release|Any CPU
	EndGlobalSection
	GlobalSection(ProjectConfigurationPlatforms) = postSolution
		{167F98FF-F940-4216-A4B3-0ED2DF5E40CD}.Debug|Any CPU.ActiveCfg = Debug|Any CPU
		{167F98FF-F940-4216-A4B3-0ED2DF5E40CD}.Release|Any CPU.ActiveCfg = Release|Any CPU
		{56BE436A-57E4-4C95-A047-13875F1AD6FD}.Debug|Any CPU.ActiveCfg = Debug|Any CPU
		{56BE436A-57E4-4C95-A047-13875F1AD6FD}.Release|Any CPU.ActiveCfg = Release|Any CPU
		{7FD5D963-2E83-4AE8-A878-B831529CE827}.Debug|Any CPU.ActiveCfg = Debug|Any CPU
		{7FD5D963-2E83-4AE8-A878-B831529CE827}.Release|Any CPU.ActiveCfg = Release|Any CPU
		{F3F35AA3-0E41-4AD7-BD08-E1F2AF7CD7A0}.Debug|Any CPU.ActiveCfg = Debug|Any CPU
		{F3F35AA3-0E41-4AD7-BD08-E1F2AF7CD7A0}.Release|Any CPU.ActiveCfg = Release|Any CPU
	EndGlobalSection
	GlobalSection(SolutionProperties) = preSolution
		HideSolutionNode = FALSE
	EndGlobalSection
	GlobalSection(ExtensibilityGlobals) = postSolution
		SolutionGuid = {BEB803BD-353D-4E8F-9A27-C5FFFE0D243F}
	EndGlobalSection
EndGlobal
